// !$*UTF8*$!
{
	archiveVersion = 1;
	classes = {
	};
	objectVersion = 56;
	objects = {

/* Begin PBXContainerItemProxy section */
		BCEBF80E2E2B06E600DFF723 /* PBXContainerItemProxy */ = {
			isa = PBXContainerItemProxy;
			containerPortal = BCEBF7EC2E2B06E300DFF723 /* Project object */;
			proxyType = 1;
			remoteGlobalIDString = BCEBF7F32E2B06E300DFF723;
			remoteInfo = hellotetris;
		};
		BCEBF8182E2B06E600DFF723 /* PBXContainerItemProxy */ = {
			isa = PBXContainerItemProxy;
			containerPortal = BCEBF7EC2E2B06E300DFF723 /* Project object */;
			proxyType = 1;
			remoteGlobalIDString = BCEBF7F32E2B06E300DFF723;
			remoteInfo = hellotetris;
		};
/* End PBXContainerItemProxy section */

/* Begin PBXFileReference section */
		BCEBF7F42E2B06E300DFF723 /* hellotetris.app */ = {isa = PBXFileReference; explicitFileType = wrapper.application; includeInIndex = 0; path = hellotetris.app; sourceTree = BUILT_PRODUCTS_DIR; };
		BCEBF80D2E2B06E600DFF723 /* hellotetrisTests.xctest */ = {isa = PBXFileReference; explicitFileType = wrapper.cfbundle; includeInIndex = 0; path = hellotetrisTests.xctest; sourceTree = BUILT_PRODUCTS_DIR; };
		BCEBF8172E2B06E600DFF723 /* hellotetrisUITests.xctest */ = {isa = PBXFileReference; explicitFileType = wrapper.cfbundle; includeInIndex = 0; path = hellotetrisUITests.xctest; sourceTree = BUILT_PRODUCTS_DIR; };
		BC1A1A1A1A1A1A1A1A1A1A1A /* Actions.sks */ = {isa = PBXFileReference; lastKnownFileType = file.sks; path = Actions.sks; sourceTree = "<group>"; };
		BC1A1A1B1A1A1A1A1A1A1A1B /* AppDelegate.swift */ = {isa = PBXFileReference; lastKnownFileType = sourcecode.swift; path = AppDelegate.swift; sourceTree = "<group>"; };
		BC1A1A1C1A1A1A1A1A1A1A1C /* Assets.xcassets */ = {isa = PBXFileReference; lastKnownFileType = folder.assetcatalog; path = Assets.xcassets; sourceTree = "<group>"; };
		BC1A1A1D1A1A1A1A1A1A1A1D /* Base.lproj */ = {isa = PBXFileReference; lastKnownFileType = folder; path = Base.lproj; sourceTree = "<group>"; };
		BC1A1A1E1A1A1A1A1A1A1A1E /* GameBoard.swift */ = {isa = PBXFileReference; lastKnownFileType = sourcecode.swift; path = GameBoard.swift; sourceTree = "<group>"; };
		BC1A1A1F1A1A1A1A1A1A1A1F /* GameScene.sks */ = {isa = PBXFileReference; lastKnownFileType = file.sks; path = GameScene.sks; sourceTree = "<group>"; };
		BC1A1A201A1A1A1A1A1A1A20 /* GameScene.swift */ = {isa = PBXFileReference; lastKnownFileType = sourcecode.swift; path = GameScene.swift; sourceTree = "<group>"; };
		BC1A1A211A1A1A1A1A1A1A21 /* GameViewController.swift */ = {isa = PBXFileReference; lastKnownFileType = sourcecode.swift; path = GameViewController.swift; sourceTree = "<group>"; };
		BC1A1A221A1A1A1A1A1A1A22 /* hellotetrisTests.swift */ = {isa = PBXFileReference; lastKnownFileType = sourcecode.swift; path = hellotetrisTests.swift; sourceTree = "<group>"; };
		BC1A1A231A1A1A1A1A1A1A23 /* hellotetrisUITests.swift */ = {isa = PBXFileReference; lastKnownFileType = sourcecode.swift; path = hellotetrisUITests.swift; sourceTree = "<group>"; };
		BC1A1A241A1A1A1A1A1A1A24 /* hellotetrisUITestsLaunchTests.swift */ = {isa = PBXFileReference; lastKnownFileType = sourcecode.swift; path = hellotetrisUITestsLaunchTests.swift; sourceTree = "<group>"; };
/* End PBXFileReference section */

/* Begin PBXFrameworksBuildPhase section */
		BCEBF7F12E2B06E300DFF723 /* Frameworks */ = {
			isa = PBXFrameworksBuildPhase;
			buildActionMask = 2147483647;
			files = (
			);
			runOnlyForDeploymentPostprocessing = 0;
		};
		BCEBF80A2E2B06E600DFF723 /* Frameworks */ = {
			isa = PBXFrameworksBuildPhase;
			buildActionMask = 2147483647;
			files = (
			);
			runOnlyForDeploymentPostprocessing = 0;
		};
		BCEBF8142E2B06E600DFF723 /* Frameworks */ = {
			isa = PBXFrameworksBuildPhase;
			buildActionMask = 2147483647;
			files = (
			);
			runOnlyForDeploymentPostprocessing = 0;
		};
/* End PBXFrameworksBuildPhase section */

/* Begin PBXGroup section */
		BCEBF7EB2E2B06E300DFF723 = {
			isa = PBXGroup;
			children = (
				BCEBF7F62E2B06E400DFF723 /* hellotetris */,
				BCEBF8102E2B06E600DFF723 /* hellotetrisTests */,
				BCEBF81A2E2B06E600DFF723 /* hellotetrisUITests */,
				BCEBF7F52E2B06E400DFF723 /* Products */,
			);
			sourceTree = "<group>";
		};
		BCEBF7F52E2B06E400DFF723 /* Products */ = {
			isa = PBXGroup;
			children = (
				BCEBF7F42E2B06E300DFF723 /* hellotetris.app */,
				BCEBF80D2E2B06E600DFF723 /* hellotetrisTests.xctest */,
				BCEBF8172E2B06E600DFF723 /* hellotetrisUITests.xctest */,
			);
			name = Products;
			sourceTree = "<group>";
		};
		BCEBF7F62E2B06E400DFF723 /* hellotetris */ = {
			isa = PBXGroup;
			children = (
				BC1A1A1A1A1A1A1A1A1A1A1A /* Actions.sks */,
				BC1A1A1B1A1A1A1A1A1A1A1B /* AppDelegate.swift */,
				BC1A1A1C1A1A1A1A1A1A1A1C /* Assets.xcassets */,
				BC1A1A1D1A1A1A1A1A1A1A1D /* Base.lproj */,
				BC1A1A1E1A1A1A1A1A1A1A1E /* GameBoard.swift */,
				BC1A1A1F1A1A1A1A1A1A1A1F /* GameScene.sks */,
				BC1A1A201A1A1A1A1A1A1A20 /* GameScene.swift */,
				BC1A1A211A1A1A1A1A1A1A21 /* GameViewController.swift */,
			);
			path = hellotetris;
			sourceTree = "<group>";
		};
		BCEBF8102E2B06E600DFF723 /* hellotetrisTests */ = {
			isa = PBXGroup;
			children = (
				BC1A1A221A1A1A1A1A1A1A22 /* hellotetrisTests.swift */,
			);
			path = hellotetrisTests;
			sourceTree = "<group>";
		};
		BCEBF81A2E2B06E600DFF723 /* hellotetrisUITests */ = {
			isa = PBXGroup;
			children = (
				BC1A1A231A1A1A1A1A1A1A23 /* hellotetrisUITests.swift */,
				BC1A1A241A1A1A1A1A1A1A24 /* hellotetrisUITestsLaunchTests.swift */,
			);
			path = hellotetrisUITests;
			sourceTree = "<group>";
		};
/* End PBXGroup section */

/* Begin PBXNativeTarget section */
		BCEBF7F32E2B06E300DFF723 /* hellotetris */ = {
			isa = PBXNativeTarget;
			buildConfigurationList = BCEBF8212E2B06E600DFF723 /* Build configuration list for PBXNativeTarget "hellotetris" */;
			buildPhases = (
				BCEBF7F02E2B06E300DFF723 /* Sources */,
				BCEBF7F12E2B06E300DFF723 /* Frameworks */,
				BCEBF7F22E2B06E300DFF723 /* Resources */,
			);
			buildRules = (
			);
			dependencies = (
			);
			name = hellotetris;
			packageProductDependencies = (
			);
			productName = hellotetris;
			productReference = BCEBF7F42E2B06E300DFF723 /* hellotetris.app */;
			productType = "com.apple.product-type.application";
		};
		BCEBF80C2E2B06E600DFF723 /* hellotetrisTests */ = {
			isa = PBXNativeTarget;
			buildConfigurationList = BCEBF8242E2B06E600DFF723 /* Build configuration list for PBXNativeTarget "hellotetrisTests" */;
			buildPhases = (
				BCEBF8092E2B06E600DFF723 /* Sources */,
				BCEBF80A2E2B06E600DFF723 /* Frameworks */,
				BCEBF80B2E2B06E600DFF723 /* Resources */,
			);
			buildRules = (
			);
			dependencies = (
				BCEBF80F2E2B06E600DFF723 /* PBXTargetDependency */,
			);
			name = hellotetrisTests;
			packageProductDependencies = (
			);
			productName = hellotetrisTests;
			productReference = BCEBF80D2E2B06E600DFF723 /* hellotetrisTests.xctest */;
			productType = "com.apple.product-type.bundle.unit-test";
		};
		BCEBF8162E2B06E600DFF723 /* hellotetrisUITests */ = {
			isa = PBXNativeTarget;
			buildConfigurationList = BCEBF8272E2B06E600DFF723 /* Build configuration list for PBXNativeTarget "hellotetrisUITests" */;
			buildPhases = (
				BCEBF8132E2B06E600DFF723 /* Sources */,
				BCEBF8142E2B06E600DFF723 /* Frameworks */,
				BCEBF8152E2B06E600DFF723 /* Resources */,
			);
			buildRules = (
			);
			dependencies = (
				BCEBF8192E2B06E600DFF723 /* PBXTargetDependency */,
			);
			name = hellotetrisUITests;
			packageProductDependencies = (
			);
			productName = hellotetrisUITests;
			productReference = BCEBF8172E2B06E600DFF723 /* hellotetrisUITests.xctest */;
			productType = "com.apple.product-type.bundle.ui-testing";
		};
/* End PBXNativeTarget section */

/* Begin PBXProject section */
		BCEBF7EC2E2B06E300DFF723 /* Project object */ = {
			isa = PBXProject;
			attributes = {
				BuildIndependentTargetsInParallel = 1;
				LastSwiftUpdateCheck = 1540;
				LastUpgradeCheck = 2600;
				TargetAttributes = {
					BCEBF7F32E2B06E300DFF723 = {
						CreatedOnToolsVersion = 26.0;
					};
					BCEBF80C2E2B06E600DFF723 = {
						CreatedOnToolsVersion = 26.0;
						TestTargetID = BCEBF7F32E2B06E300DFF723;
					};
					BCEBF8162E2B06E600DFF723 = {
						CreatedOnToolsVersion = 26.0;
						TestTargetID = BCEBF7F32E2B06E300DFF723;
					};
				};
			};
			buildConfigurationList = BCEBF7EF2E2B06E300DFF723 /* Build configuration list for PBXProject "hellotetris" */;
			compatibilityVersion = "Xcode 15.0";
			developmentRegion = en;
			hasScannedForEncodings = 0;
			knownRegions = (
				en,
				Base,
			);
			mainGroup = BCEBF7EB2E2B06E300DFF723;
			minimizedProjectReferenceProxies = 1;
			productRefGroup = BCEBF7F52E2B06E400DFF723 /* Products */;
			projectDirPath = "";
			projectRoot = "";
			targets = (
				BCEBF7F32E2B06E300DFF723 /* hellotetris */,
				BCEBF80C2E2B06E600DFF723 /* hellotetrisTests */,
				BCEBF8162E2B06E600DFF723 /* hellotetrisUITests */,
			);
		};
/* End PBXProject section */

/* Begin PBXResourcesBuildPhase section */
		BCEBF7F22E2B06E300DFF723 /* Resources */ = {
			isa = PBXResourcesBuildPhase;
			buildActionMask = 2147483647;
			files = (
			);
			runOnlyForDeploymentPostprocessing = 0;
		};
		BCEBF80B2E2B06E600DFF723 /* Resources */ = {
			isa = PBXResourcesBuildPhase;
			buildActionMask = 2147483647;
			files = (
			);
			runOnlyForDeploymentPostprocessing = 0;
		};
		BCEBF8152E2B06E600DFF723 /* Resources */ = {
			isa = PBXResourcesBuildPhase;
			buildActionMask = 2147483647;
			files = (
			);
			runOnlyForDeploymentPostprocessing = 0;
		};
/* End PBXResourcesBuildPhase section */

/* Begin PBXSourcesBuildPhase section */
		BCEBF7F02E2B06E300DFF723 /* Sources */ = {
			isa = PBXSourcesBuildPhase;
			buildActionMask = 2147483647;
			files = (
			);
			runOnlyForDeploymentPostprocessing = 0;
		};
		BCEBF8092E2B06E600DFF723 /* Sources */ = {
			isa = PBXSourcesBuildPhase;
			buildActionMask = 2147483647;
			files = (
			);
			runOnlyForDeploymentPostprocessing = 0;
		};
		BCEBF8132E2B06E600DFF723 /* Sources */ = {
			isa = PBXSourcesBuildPhase;
			buildActionMask = 2147483647;
			files = (
			);
			runOnlyForDeploymentPostprocessing = 0;
		};
/* End PBXSourcesBuildPhase section */

/* Begin PBXTargetDependency section */
		BCEBF80F2E2B06E600DFF723 /* PBXTargetDependency */ = {
			isa = PBXTargetDependency;
			target = BCEBF7F32E2B06E300DFF723 /* hellotetris */;
			targetProxy = BCEBF80E2E2B06E600DFF723 /* PBXContainerItemProxy */;
		};
		BCEBF8192E2B06E600DFF723 /* PBXTargetDependency */ = {
			isa = PBXTargetDependency;
			target = BCEBF7F32E2B06E300DFF723 /* hellotetris */;
			targetProxy = BCEBF8182E2B06E600DFF723 /* PBXContainerItemProxy */;
		};
/* End PBXTargetDependency section */

/* Begin XCBuildConfiguration section */
		BCEBF81F2E2B06E600DFF723 /* Debug */ = {
			isa = XCBuildConfiguration;
			buildSettings = {
				ALWAYS_SEARCH_USER_PATHS = NO;
				ASSETCATALOG_COMPILER_GENERATE_SWIFT_ASSET_SYMBOL_EXTENSIONS = YES;
				CLANG_ANALYZER_NONNULL = YES;
				CLANG_ANALYZER_NUMBER_OBJECT_CONVERSION = YES_AGGRESSIVE;
				CLANG_CXX_LANGUAGE_STANDARD = "gnu++20";
				CLANG_ENABLE_MODULES = YES;
				CLANG_ENABLE_OBJC_ARC = YES;
				CLANG_ENABLE_OBJC_WEAK = YES;
				CLANG_WARN_BLOCK_CAPTURE_AUTORELEASING = YES;
				CLANG_WARN_BOOL_CONVERSION = YES;
				CLANG_WARN_COMMA = YES;
				CLANG_WARN_CONSTANT_CONVERSION = YES;
				CLANG_WARN_DEPRECATED_OBJC_IMPLEMENTATIONS = YES;
				CLANG_WARN_DIRECT_OBJC_ISA_USAGE = YES_ERROR;
				CLANG_WARN_DOCUMENTATION_COMMENTS = YES;
				CLANG_WARN_EMPTY_BODY = YES;
				CLANG_WARN_ENUM_CONVERSION = YES;
				CLANG_WARN_INFINITE_RECURSION = YES;
				CLANG_WARN_INT_CONVERSION = YES;
				CLANG_WARN_NON_LITERAL_NULL_CONVERSION = YES;
				CLANG_WARN_OBJC_IMPLICIT_RETAIN_SELF = YES;
				CLANG_WARN_OBJC_LITERAL_CONVERSION = YES;
				CLANG_WARN_OBJC_ROOT_CLASS = YES_ERROR;
				CLANG_WARN_QUOTED_INCLUDE_IN_FRAMEWORK_HEADER = YES;
				CLANG_WARN_RANGE_LOOP_ANALYSIS = YES;
				CLANG_WARN_STRICT_PROTOTYPES = YES;
				CLANG_WARN_SUSPICIOUS_MOVE = YES;
				CLANG_WARN_UNGUARDED_AVAILABILITY = YES_AGGRESSIVE;
				CLANG_WARN_UNREACHABLE_CODE = YES;
				CLANG_WARN__DUPLICATE_METHOD_MATCH = YES;
				COPY_PHASE_STRIP = NO;
				DEBUG_INFORMATION_FORMAT = dwarf;
				ENABLE_STRICT_OBJC_MSGSEND = YES;
				ENABLE_TESTABILITY = YES;
				ENABLE_USER_SCRIPT_SANDBOXING = YES;
				GCC_C_LANGUAGE_STANDARD = gnu17;
				GCC_DYNAMIC_NO_PIC = NO;
				GCC_NO_COMMON_BLOCKS = YES;
				GCC_OPTIMIZATION_LEVEL = 0;
				GCC_PREPROCESSOR_DEFINITIONS = (
					"DEBUG=1",
					"$(inherited)",
				);
				GCC_WARN_64_TO_32_BIT_CONVERSION = YES;
				GCC_WARN_ABOUT_RETURN_TYPE = YES_ERROR;
				GCC_WARN_UNDECLARED_SELECTOR = YES;
				GCC_WARN_UNINITIALIZED_AUTOS = YES_AGGRESSIVE;
				GCC_WARN_UNUSED_FUNCTION = YES;
				GCC_WARN_UNUSED_VARIABLE = YES;
				IPHONEOS_DEPLOYMENT_TARGET = 17.0;
				LOCALIZATION_PREFERS_STRING_CATALOGS = YES;
				MTL_ENABLE_DEBUG_INFO = INCLUDE_SOURCE;
				MTL_FAST_MATH = YES;
				ONLY_ACTIVE_ARCH = YES;
				SDKROOT = iphoneos;
				STRING_CATALOG_GENERATE_SYMBOLS = YES;
				SWIFT_ACTIVE_COMPILATION_CONDITIONS = "DEBUG $(inherited)";
				SWIFT_OPTIMIZATION_LEVEL = "-Onone";
			};
			name = Debug;
		};
		BCEBF8202E2B06E600DFF723 /* Release */ = {
			isa = XCBuildConfiguration;
			buildSettings = {
				ALWAYS_SEARCH_USER_PATHS = NO;
				ASSETCATALOG_COMPILER_GENERATE_SWIFT_ASSET_SYMBOL_EXTENSIONS = YES;
				CLANG_ANALYZER_NONNULL = YES;
				CLANG_ANALYZER_NUMBER_OBJECT_CONVERSION = YES_AGGRESSIVE;
				CLANG_CXX_LANGUAGE_STANDARD = "gnu++20";
				CLANG_ENABLE_MODULES = YES;
				CLANG_ENABLE_OBJC_ARC = YES;
				CLANG_ENABLE_OBJC_WEAK = YES;
				CLANG_WARN_BLOCK_CAPTURE_AUTORELEASING = YES;
				CLANG_WARN_BOOL_CONVERSION = YES;
				CLANG_WARN_COMMA = YES;
				CLANG_WARN_CONSTANT_CONVERSION = YES;
				CLANG_WARN_DEPRECATED_OBJC_IMPLEMENTATIONS = YES;
				CLANG_WARN_DIRECT_OBJC_ISA_USAGE = YES_ERROR;
				CLANG_WARN_DOCUMENTATION_COMMENTS = YES;
				CLANG_WARN_EMPTY_BODY = YES;
				CLANG_WARN_ENUM_CONVERSION = YES;
				CLANG_WARN_INFINITE_RECURSION = YES;
				CLANG_WARN_INT_CONVERSION = YES;
				CLANG_WARN_NON_LITERAL_NULL_CONVERSION = YES;
				CLANG_WARN_OBJC_IMPLICIT_RETAIN_SELF = YES;
				CLANG_WARN_OBJC_LITERAL_CONVERSION = YES;
				CLANG_WARN_OBJC_ROOT_CLASS = YES_ERROR;
				CLANG_WARN_QUOTED_INCLUDE_IN_FRAMEWORK_HEADER = YES;
				CLANG_WARN_RANGE_LOOP_ANALYSIS = YES;
				CLANG_WARN_STRICT_PROTOTYPES = YES;
				CLANG_WARN_SUSPICIOUS_MOVE = YES;
				CLANG_WARN_UNGUARDED_AVAILABILITY = YES_AGGRESSIVE;
				CLANG_WARN_UNREACHABLE_CODE = YES;
				CLANG_WARN__DUPLICATE_METHOD_MATCH = YES;
				COPY_PHASE_STRIP = NO;
				DEBUG_INFORMATION_FORMAT = "dwarf-with-dsym";
				ENABLE_NS_ASSERTIONS = NO;
				ENABLE_STRICT_OBJC_MSGSEND = YES;
				ENABLE_USER_SCRIPT_SANDBOXING = YES;
				GCC_C_LANGUAGE_STANDARD = gnu17;
				GCC_NO_COMMON_BLOCKS = YES;
				GCC_WARN_64_TO_32_BIT_CONVERSION = YES;
				GCC_WARN_ABOUT_RETURN_TYPE = YES_ERROR;
				GCC_WARN_UNDECLARED_SELECTOR = YES;
				GCC_WARN_UNINITIALIZED_AUTOS = YES_AGGRESSIVE;
				GCC_WARN_UNUSED_FUNCTION = YES;
				GCC_WARN_UNUSED_VARIABLE = YES;
				IPHONEOS_DEPLOYMENT_TARGET = 17.0;
				LOCALIZATION_PREFERS_STRING_CATALOGS = YES;
				MTL_ENABLE_DEBUG_INFO = NO;
				MTL_FAST_MATH = YES;
				SDKROOT = iphoneos;
				STRING_CATALOG_GENERATE_SYMBOLS = YES;
				SWIFT_COMPILATION_MODE = wholemodule;
				VALIDATE_PRODUCT = YES;
			};
			name = Release;
		};
		BCEBF8222E2B06E600DFF723 /* Debug */ = {
			isa = XCBuildConfiguration;
			buildSettings = {
				ASSETCATALOG_COMPILER_APPICON_NAME = AppIcon;
				ASSETCATALOG_COMPILER_GLOBAL_ACCENT_COLOR_NAME = AccentColor;
				CODE_SIGNING_ALLOWED = NO;
				CODE_SIGN_STYLE = Automatic;
				CURRENT_PROJECT_VERSION = 1;
				DEVELOPMENT_TEAM = "";
				GENERATE_INFOPLIST_FILE = YES;
				INFOPLIST_KEY_UIApplicationSupportsIndirectInputEvents = YES;
				INFOPLIST_KEY_UILaunchStoryboardName = LaunchScreen;
				INFOPLIST_KEY_UIMainStoryboardFile = Main;
				INFOPLIST_KEY_UIStatusBarHidden = YES;
				INFOPLIST_KEY_UISupportedInterfaceOrientations_iPad = "UIInterfaceOrientationPortrait UIInterfaceOrientationPortraitUpsideDown UIInterfaceOrientationLandscapeLeft UIInterfaceOrientationLandscapeRight";
				INFOPLIST_KEY_UISupportedInterfaceOrientations_iPhone = "UIInterfaceOrientationPortrait UIInterfaceOrientationLandscapeLeft UIInterfaceOrientationLandscapeRight";
				LD_RUNPATH_SEARCH_PATHS = (
					"$(inherited)",
					"@executable_path/Frameworks",
				);
				MARKETING_VERSION = 1.0;
				PRODUCT_BUNDLE_IDENTIFIER = com.example.hellotetris;
				PRODUCT_NAME = "$(TARGET_NAME)";
				STRING_CATALOG_GENERATE_SYMBOLS = YES;
				SWIFT_APPROACHABLE_CONCURRENCY = YES;
				SWIFT_DEFAULT_ACTOR_ISOLATION = MainActor;
				SWIFT_EMIT_LOC_STRINGS = YES;
				SWIFT_UPCOMING_FEATURE_MEMBER_IMPORT_VISIBILITY = YES;
				SWIFT_VERSION = 5.0;
				TARGETED_DEVICE_FAMILY = "1,2";
			};
			name = Debug;
		};
		BCEBF8232E2B06E600DFF723 /* Release */ = {
			isa = XCBuildConfiguration;
			buildSettings = {
				ASSETCATALOG_COMPILER_APPICON_NAME = AppIcon;
				ASSETCATALOG_COMPILER_GLOBAL_ACCENT_COLOR_NAME = AccentColor;
				CODE_SIGNING_ALLOWED = NO;
				CODE_SIGN_STYLE = Automatic;
				CURRENT_PROJECT_VERSION = 1;
				DEVELOPMENT_TEAM = "";
				GENERATE_INFOPLIST_FILE = YES;
				INFOPLIST_KEY_UIApplicationSupportsIndirectInputEvents = YES;
				INFOPLIST_KEY_UILaunchStoryboardName = LaunchScreen;
				INFOPLIST_KEY_UIMainStoryboardFile = Main;
				INFOPLIST_KEY_UIStatusBarHidden = YES;
				INFOPLIST_KEY_UISupportedInterfaceOrientations_iPad = "UIInterfaceOrientationPortrait UIInterfaceOrientationPortraitUpsideDown UIInterfaceOrientationLandscapeLeft UIInterfaceOrientationLandscapeRight";
				INFOPLIST_KEY_UISupportedInterfaceOrientations_iPhone = "UIInterfaceOrientationPortrait UIInterfaceOrientationLandscapeLeft UIInterfaceOrientationLandscapeRight";
				LD_RUNPATH_SEARCH_PATHS = (
					"$(inherited)",
					"@executable_path/Frameworks",
				);
				MARKETING_VERSION = 1.0;
				PRODUCT_BUNDLE_IDENTIFIER = com.example.hellotetris;
				PRODUCT_NAME = "$(TARGET_NAME)";
				STRING_CATALOG_GENERATE_SYMBOLS = YES;
				SWIFT_APPROACHABLE_CONCURRENCY = YES;
				SWIFT_DEFAULT_ACTOR_ISOLATION = MainActor;
				SWIFT_EMIT_LOC_STRINGS = YES;
				SWIFT_UPCOMING_FEATURE_MEMBER_IMPORT_VISIBILITY = YES;
				SWIFT_VERSION = 5.0;
				TARGETED_DEVICE_FAMILY = "1,2";
			};
			name = Release;
		};
		BCEBF8252E2B06E600DFF723 /* Debug */ = {
			isa = XCBuildConfiguration;
			buildSettings = {
				BUNDLE_LOADER = "$(TEST_HOST)";
				CODE_SIGNING_ALLOWED = NO;
				CODE_SIGN_STYLE = Automatic;
				CURRENT_PROJECT_VERSION = 1;
				DEVELOPMENT_TEAM = "";
				GENERATE_INFOPLIST_FILE = YES;
				IPHONEOS_DEPLOYMENT_TARGET = 17.0;
				MARKETING_VERSION = 1.0;
				PRODUCT_BUNDLE_IDENTIFIER = com.example.hellotetrisTests;
				PRODUCT_NAME = "$(TARGET_NAME)";
				STRING_CATALOG_GENERATE_SYMBOLS = NO;
				SWIFT_APPROACHABLE_CONCURRENCY = YES;
				SWIFT_EMIT_LOC_STRINGS = NO;
				SWIFT_UPCOMING_FEATURE_MEMBER_IMPORT_VISIBILITY = YES;
				SWIFT_VERSION = 5.0;
				TARGETED_DEVICE_FAMILY = "1,2";
				TEST_HOST = "$(BUILT_PRODUCTS_DIR)/hellotetris.app/$(BUNDLE_EXECUTABLE_FOLDER_PATH)/hellotetris";
			};
			name = Debug;
		};
		BCEBF8262E2B06E600DFF723 /* Release */ = {
			isa = XCBuildConfiguration;
			buildSettings = {
				BUNDLE_LOADER = "$(TEST_HOST)";
				CODE_SIGNING_ALLOWED = NO;
				CODE_SIGN_STYLE = Automatic;
				CURRENT_PROJECT_VERSION = 1;
				DEVELOPMENT_TEAM = "";
				GENERATE_INFOPLIST_FILE = YES;
				IPHONEOS_DEPLOYMENT_TARGET = 17.0;
				MARKETING_VERSION = 1.0;
				PRODUCT_BUNDLE_IDENTIFIER = com.example.hellotetrisTests;
				PRODUCT_NAME = "$(TARGET_NAME)";
				STRING_CATALOG_GENERATE_SYMBOLS = NO;
				SWIFT_APPROACHABLE_CONCURRENCY = YES;
				SWIFT_EMIT_LOC_STRINGS = NO;
				SWIFT_UPCOMING_FEATURE_MEMBER_IMPORT_VISIBILITY = YES;
				SWIFT_VERSION = 5.0;
				TARGETED_DEVICE_FAMILY = "1,2";
				TEST_HOST = "$(BUILT_PRODUCTS_DIR)/hellotetris.app/$(BUNDLE_EXECUTABLE_FOLDER_PATH)/hellotetris";
			};
			name = Release;
		};
		BCEBF8282E2B06E600DFF723 /* Debug */ = {
			isa = XCBuildConfiguration;
			buildSettings = {
				CODE_SIGNING_ALLOWED = NO;
				CODE_SIGN_STYLE = Automatic;
				CURRENT_PROJECT_VERSION = 1;
				DEVELOPMENT_TEAM = "";
				GENERATE_INFOPLIST_FILE = YES;
				MARKETING_VERSION = 1.0;
				PRODUCT_BUNDLE_IDENTIFIER = com.example.hellotetrisUITests;
				PRODUCT_NAME = "$(TARGET_NAME)";
				STRING_CATALOG_GENERATE_SYMBOLS = NO;
				SWIFT_APPROACHABLE_CONCURRENCY = YES;
				SWIFT_EMIT_LOC_STRINGS = NO;
				SWIFT_UPCOMING_FEATURE_MEMBER_IMPORT_VISIBILITY = YES;
				SWIFT_VERSION = 5.0;
				TARGETED_DEVICE_FAMILY = "1,2";
				TEST_TARGET_NAME = hellotetris;
			};
			name = Debug;
		};
		BCEBF8292E2B06E600DFF723 /* Release */ = {
			isa = XCBuildConfiguration;
			buildSettings = {
				CODE_SIGNING_ALLOWED = NO;
				CODE_SIGN_STYLE = Automatic;
				CURRENT_PROJECT_VERSION = 1;
				DEVELOPMENT_TEAM = "";
				GENERATE_INFOPLIST_FILE = YES;
				MARKETING_VERSION = 1.0;
				PRODUCT_BUNDLE_IDENTIFIER = com.example.hellotetrisUITests;
				PRODUCT_NAME = "$(TARGET_NAME)";
				STRING_CATALOG_GENERATE_SYMBOLS = NO;
				SWIFT_APPROACHABLE_CONCURRENCY = YES;
				SWIFT_EMIT_LOC_STRINGS = NO;
				SWIFT_UPCOMING_FEATURE_MEMBER_IMPORT_VISIBILITY = YES;
				SWIFT_VERSION = 5.0;
				TARGETED_DEVICE_FAMILY = "1,2";
				TEST_TARGET_NAME = hellotetris;
			};
			name = Release;
		};
/* End XCConfigurationList section */

/* Begin XCConfigurationList section */
		BCEBF7EF2E2B06E300DFF723 /* Build configuration list for PBXProject "hellotetris" */ = {
			isa = XCConfigurationList;
			buildConfigurations = (
				BCEBF81F2E2B06E600DFF723 /* Debug */,
				BCEBF8202E2B06E600DFF723 /* Release */,
			);
			defaultConfigurationIsVisible = 0;
			defaultConfigurationName = Release;
		};
		BCEBF8212E2B06E600DFF723 /* Build configuration list for PBXNativeTarget "hellotetris" */ = {
			isa = XCConfigurationList;
			buildConfigurations = (
				BCEBF8222E2B06E600DFF723 /* Debug */,
				BCEBF8232E2B06E600DFF723 /* Release */,
			);
			defaultConfigurationIsVisible = 0;
			defaultConfigurationName = Release;
		};
		BCEBF8242E2B06E600DFF723 /* Build configuration list for PBXNativeTarget "hellotetrisTests" */ = {
			isa = XCConfigurationList;
			buildConfigurations = (
				BCEBF8252E2B06E600DFF723 /* Debug */,
				BCEBF8262E2B06E600DFF723 /* Release */,
			);
			defaultConfigurationIsVisible = 0;
			defaultConfigurationName = Release;
		};
		BCEBF8272E2B06E600DFF723 /* Build configuration list for PBXNativeTarget "hellotetrisUITests" */ = {
			isa = XCConfigurationList;
			buildConfigurations = (
				BCEBF8282E2B06E600DFF723 /* Debug */,
				BCEBF8292E2B06E600DFF723 /* Release */,
			);
			defaultConfigurationIsVisible = 0;
			defaultConfigurationName = Release;
		};
/* End XCConfigurationList section */
	};
	rootObject = BCEBF7EC2E2B06E300DFF723 /* Project object */;
}
